
Microsoft Visual Studio Solution File, Format Version 12.00
# Visual Studio Version 17
VisualStudioVersion = 17.7.34031.279
MinimumVisualStudioVersion = 10.0.40219.1
Project("{FAE04EC0-301F-11D3-BF4B-00C04F79EFBC}") = "WebDipAzienda", "WebDipAzienda.csproj", "{9260F7B3-BC1A-4A32-BC48-917E5B1CC948}"
EndProject
Global
	GlobalSection(SolutionConfigurationPlatforms) = preSolution
		Debug|Any CPU = Debug|Any CPU
		Release|Any CPU = Release|Any CPU
	EndGlobalSection
	GlobalSection(ProjectConfigurationPlatforms) = postSolution
		{9260F7B3-BC1A-4A32-BC48-917E5B1CC948}.Debug|Any CPU.ActiveCfg = Debug|Any CPU
		{9260F7B3-BC1A-4A32-BC48-917E5B1CC948}.Debug|Any CPU.Build.0 = Debug|Any CPU
		{9260F7B3-BC1A-4A32-BC48-917E5B1CC948}.Release|Any CPU.ActiveCfg = Release|Any CPU
		{9260F7B3-BC1A-4A32-BC48-917E5B1CC948}.Release|Any CPU.Build.0 = Release|Any CPU
	EndGlobalSection
	GlobalSection(SolutionProperties) = preSolution
		HideSolutionNode = FALSE
	EndGlobalSection
	GlobalSection(ExtensibilityGlobals) = postSolution
		SolutionGuid = {688B62DB-96F2-4E71-82DB-F15AEDFB635B}
	EndGlobalSection
EndGlobal
